
Microsoft Visual Studio Solution File, Format Version 12.00
# Visual Studio Version 17
VisualStudioVersion = 17.14.36408.4
MinimumVisualStudioVersion = 10.0.40219.1
Project("{FAE04EC0-301F-11D3-BF4B-00C04F79EFBC}") = "CustomerAgreements", "src\CustomerAgreements\CustomerAgreements.csproj", "{590E751B-408A-E442-B04C-07252DAD6A56}"
EndProject
Project("{FAE04EC0-301F-11D3-BF4B-00C04F79EFBC}") = "CustomerAgreements.Api", "src\CustomerAgreements.api\CustomerAgreements.Api.csproj", "{D3C30D9E-C47D-98DD-91DF-0EFC23109848}"
EndProject
Project("{FAE04EC0-301F-11D3-BF4B-00C04F79EFBC}") = "CustomerAgreements.Contracts", "src\CustomerAgreements.Contracts\CustomerAgreements.Contracts.csproj", "{52D0FC36-FD95-7332-1B6E-2A2EF2A4A2F5}"
EndProject
Project("{FAE04EC0-301F-11D3-BF4B-00C04F79EFBC}") = "CustomerAgreements.Tests", "src\CustomerAgreements.Tests\CustomerAgreements.Tests.csproj", "{D7D82318-0C1A-FD5D-8309-ABD9D10FF6B0}"
EndProject
Global
	GlobalSection(SolutionConfigurationPlatforms) = preSolution
		Debug|Any CPU = Debug|Any CPU
		Release|Any CPU = Release|Any CPU
	EndGlobalSection
	GlobalSection(ProjectConfigurationPlatforms) = postSolution
		{590E751B-408A-E442-B04C-07252DAD6A56}.Debug|Any CPU.ActiveCfg = Debug|Any CPU
		{590E751B-408A-E442-B04C-07252DAD6A56}.Debug|Any CPU.Build.0 = Debug|Any CPU
		{590E751B-408A-E442-B04C-07252DAD6A56}.Release|Any CPU.ActiveCfg = Release|Any CPU
		{590E751B-408A-E442-B04C-07252DAD6A56}.Release|Any CPU.Build.0 = Release|Any CPU
		{D3C30D9E-C47D-98DD-91DF-0EFC23109848}.Debug|Any CPU.ActiveCfg = Debug|Any CPU
		{D3C30D9E-C47D-98DD-91DF-0EFC23109848}.Debug|Any CPU.Build.0 = Debug|Any CPU
		{D3C30D9E-C47D-98DD-91DF-0EFC23109848}.Release|Any CPU.ActiveCfg = Release|Any CPU
		{D3C30D9E-C47D-98DD-91DF-0EFC23109848}.Release|Any CPU.Build.0 = Release|Any CPU
		{52D0FC36-FD95-7332-1B6E-2A2EF2A4A2F5}.Debug|Any CPU.ActiveCfg = Debug|Any CPU
		{52D0FC36-FD95-7332-1B6E-2A2EF2A4A2F5}.Debug|Any CPU.Build.0 = Debug|Any CPU
		{52D0FC36-FD95-7332-1B6E-2A2EF2A4A2F5}.Release|Any CPU.ActiveCfg = Release|Any CPU
		{52D0FC36-FD95-7332-1B6E-2A2EF2A4A2F5}.Release|Any CPU.Build.0 = Release|Any CPU
		{D7D82318-0C1A-FD5D-8309-ABD9D10FF6B0}.Debug|Any CPU.ActiveCfg = Debug|Any CPU
		{D7D82318-0C1A-FD5D-8309-ABD9D10FF6B0}.Debug|Any CPU.Build.0 = Debug|Any CPU
		{D7D82318-0C1A-FD5D-8309-ABD9D10FF6B0}.Release|Any CPU.ActiveCfg = Release|Any CPU
		{D7D82318-0C1A-FD5D-8309-ABD9D10FF6B0}.Release|Any CPU.Build.0 = Release|Any CPU
	EndGlobalSection
	GlobalSection(SolutionProperties) = preSolution
		HideSolutionNode = FALSE
	EndGlobalSection
	GlobalSection(ExtensibilityGlobals) = postSolution
		SolutionGuid = {E6C58675-55F3-4043-AAAF-25EFA62D5C95}
	EndGlobalSection
EndGlobal
